
Microsoft Visual Studio Solution File, Format Version 12.00
# Visual Studio 2013
VisualStudioVersion = 12.0.31101.0
MinimumVisualStudioVersion = 10.0.40219.1
Project("{2150E333-8FDC-42A3-9474-1A3956D46DE8}") = "BoringGame", "BoringGame", "{3FB3B306-2E9E-4321-B1C1-BDEE7974A91E}"
EndProject
Project("{D954291E-2A0B-460D-934E-DC6B0785DB48}") = "BoringGame.Shared", "BoringGame\BoringGame.Shared\BoringGame.Shared.shproj", "{EB8A2167-2BEC-4B43-9676-427AD0E3D416}"
EndProject
Project("{FAE04EC0-301F-11D3-BF4B-00C04F79EFBC}") = "BoringGame.Windows", "BoringGame\BoringGame.Windows\BoringGame.Windows.csproj", "{72474B3C-9ED2-4E14-A4C2-471F8E53A6C5}"
EndProject
Project("{FAE04EC0-301F-11D3-BF4B-00C04F79EFBC}") = "BoringGame.WindowsPhone", "BoringGame\BoringGame.WindowsPhone\BoringGame.WindowsPhone.csproj", "{750E1B1A-58B6-4F67-B3C3-194B99189BF7}"
EndProject
Global
	GlobalSection(SharedMSBuildProjectFiles) = preSolution
		BoringGame\BoringGame.Shared\BoringGame.Shared.projitems*{eb8a2167-2bec-4b43-9676-427ad0e3d416}*SharedItemsImports = 13
		BoringGame\BoringGame.Shared\BoringGame.Shared.projitems*{72474b3c-9ed2-4e14-a4c2-471f8e53a6c5}*SharedItemsImports = 4
		BoringGame\BoringGame.Shared\BoringGame.Shared.projitems*{750e1b1a-58b6-4f67-b3c3-194b99189bf7}*SharedItemsImports = 4
	EndGlobalSection
	GlobalSection(SolutionConfigurationPlatforms) = preSolution
		Debug|Any CPU = Debug|Any CPU
		Debug|ARM = Debug|ARM
		Debug|x64 = Debug|x64
		Debug|x86 = Debug|x86
		Release|Any CPU = Release|Any CPU
		Release|ARM = Release|ARM
		Release|x64 = Release|x64
		Release|x86 = Release|x86
	EndGlobalSection
	GlobalSection(ProjectConfigurationPlatforms) = postSolution
		{72474B3C-9ED2-4E14-A4C2-471F8E53A6C5}.Debug|Any CPU.ActiveCfg = Debug|Any CPU
		{72474B3C-9ED2-4E14-A4C2-471F8E53A6C5}.Debug|Any CPU.Build.0 = Debug|Any CPU
		{72474B3C-9ED2-4E14-A4C2-471F8E53A6C5}.Debug|Any CPU.Deploy.0 = Debug|Any CPU
		{72474B3C-9ED2-4E14-A4C2-471F8E53A6C5}.Debug|ARM.ActiveCfg = Debug|ARM
		{72474B3C-9ED2-4E14-A4C2-471F8E53A6C5}.Debug|ARM.Build.0 = Debug|ARM
		{72474B3C-9ED2-4E14-A4C2-471F8E53A6C5}.Debug|ARM.Deploy.0 = Debug|ARM
		{72474B3C-9ED2-4E14-A4C2-471F8E53A6C5}.Debug|x64.ActiveCfg = Debug|x64
		{72474B3C-9ED2-4E14-A4C2-471F8E53A6C5}.Debug|x64.Build.0 = Debug|x64
		{72474B3C-9ED2-4E14-A4C2-471F8E53A6C5}.Debug|x64.Deploy.0 = Debug|x64
		{72474B3C-9ED2-4E14-A4C2-471F8E53A6C5}.Debug|x86.ActiveCfg = Debug|x86
		{72474B3C-9ED2-4E14-A4C2-471F8E53A6C5}.Debug|x86.Build.0 = Debug|x86
		{72474B3C-9ED2-4E14-A4C2-471F8E53A6C5}.Debug|x86.Deploy.0 = Debug|x86
		{72474B3C-9ED2-4E14-A4C2-471F8E53A6C5}.Release|Any CPU.ActiveCfg = Release|Any CPU
		{72474B3C-9ED2-4E14-A4C2-471F8E53A6C5}.Release|Any CPU.Build.0 = Release|Any CPU
		{72474B3C-9ED2-4E14-A4C2-471F8E53A6C5}.Release|Any CPU.Deploy.0 = Release|Any CPU
		{72474B3C-9ED2-4E14-A4C2-471F8E53A6C5}.Release|ARM.ActiveCfg = Release|ARM
		{72474B3C-9ED2-4E14-A4C2-471F8E53A6C5}.Release|ARM.Build.0 = Release|ARM
		{72474B3C-9ED2-4E14-A4C2-471F8E53A6C5}.Release|ARM.Deploy.0 = Release|ARM
		{72474B3C-9ED2-4E14-A4C2-471F8E53A6C5}.Release|x64.ActiveCfg = Release|x64
		{72474B3C-9ED2-4E14-A4C2-471F8E53A6C5}.Release|x64.Build.0 = Release|x64
		{72474B3C-9ED2-4E14-A4C2-471F8E53A6C5}.Release|x64.Deploy.0 = Release|x64
		{72474B3C-9ED2-4E14-A4C2-471F8E53A6C5}.Release|x86.ActiveCfg = Release|x86
		{72474B3C-9ED2-4E14-A4C2-471F8E53A6C5}.Release|x86.Build.0 = Release|x86
		{72474B3C-9ED2-4E14-A4C2-471F8E53A6C5}.Release|x86.Deploy.0 = Release|x86
		{750E1B1A-58B6-4F67-B3C3-194B99189BF7}.Debug|Any CPU.ActiveCfg = Debug|Any CPU
		{750E1B1A-58B6-4F67-B3C3-194B99189BF7}.Debug|Any CPU.Build.0 = Debug|Any CPU
		{750E1B1A-58B6-4F67-B3C3-194B99189BF7}.Debug|Any CPU.Deploy.0 = Debug|Any CPU
		{750E1B1A-58B6-4F67-B3C3-194B99189BF7}.Debug|ARM.ActiveCfg = Debug|ARM
		{750E1B1A-58B6-4F67-B3C3-194B99189BF7}.Debug|ARM.Build.0 = Debug|ARM
		{750E1B1A-58B6-4F67-B3C3-194B99189BF7}.Debug|ARM.Deploy.0 = Debug|ARM
		{750E1B1A-58B6-4F67-B3C3-194B99189BF7}.Debug|x64.ActiveCfg = Debug|Any CPU
		{750E1B1A-58B6-4F67-B3C3-194B99189BF7}.Debug|x86.ActiveCfg = Debug|x86
		{750E1B1A-58B6-4F67-B3C3-194B99189BF7}.Debug|x86.Build.0 = Debug|x86
		{750E1B1A-58B6-4F67-B3C3-194B99189BF7}.Debug|x86.Deploy.0 = Debug|x86
		{750E1B1A-58B6-4F67-B3C3-194B99189BF7}.Release|Any CPU.ActiveCfg = Release|Any CPU
		{750E1B1A-58B6-4F67-B3C3-194B99189BF7}.Release|Any CPU.Build.0 = Release|Any CPU
		{750E1B1A-58B6-4F67-B3C3-194B99189BF7}.Release|Any CPU.Deploy.0 = Release|Any CPU
		{750E1B1A-58B6-4F67-B3C3-194B99189BF7}.Release|ARM.ActiveCfg = Release|ARM
		{750E1B1A-58B6-4F67-B3C3-194B99189BF7}.Release|ARM.Build.0 = Release|ARM
		{750E1B1A-58B6-4F67-B3C3-194B99189BF7}.Release|ARM.Deploy.0 = Release|ARM
		{750E1B1A-58B6-4F67-B3C3-194B99189BF7}.Release|x64.ActiveCfg = Release|Any CPU
		{750E1B1A-58B6-4F67-B3C3-194B99189BF7}.Release|x86.ActiveCfg = Release|x86
		{750E1B1A-58B6-4F67-B3C3-194B99189BF7}.Release|x86.Build.0 = Release|x86
		{750E1B1A-58B6-4F67-B3C3-194B99189BF7}.Release|x86.Deploy.0 = Release|x86
	EndGlobalSection
	GlobalSection(SolutionProperties) = preSolution
		HideSolutionNode = FALSE
	EndGlobalSection
	GlobalSection(NestedProjects) = preSolution
		{EB8A2167-2BEC-4B43-9676-427AD0E3D416} = {3FB3B306-2E9E-4321-B1C1-BDEE7974A91E}
		{72474B3C-9ED2-4E14-A4C2-471F8E53A6C5} = {3FB3B306-2E9E-4321-B1C1-BDEE7974A91E}
		{750E1B1A-58B6-4F67-B3C3-194B99189BF7} = {3FB3B306-2E9E-4321-B1C1-BDEE7974A91E}
	EndGlobalSection
EndGlobal
